// !$*UTF8*$!
{
	archiveVersion = 1;
	classes = {
	};
	objectVersion = 50;
	objects = {

/* Begin PBXBuildFile section */
		D04ABF6F2200E1AF0053DECB /* AppDelegate.swift in Sources */ = {isa = PBXBuildFile; fileRef = D04ABF6E2200E1AF0053DECB /* AppDelegate.swift */; };
		D04ABF712200E1AF0053DECB /* ViewController.swift in Sources */ = {isa = PBXBuildFile; fileRef = D04ABF702200E1AF0053DECB /* ViewController.swift */; };
		D04ABF742200E1AF0053DECB /* Main.storyboard in Resources */ = {isa = PBXBuildFile; fileRef = D04ABF722200E1AF0053DECB /* Main.storyboard */; };
		D04ABF762200E1B10053DECB /* Assets.xcassets in Resources */ = {isa = PBXBuildFile; fileRef = D04ABF752200E1B10053DECB /* Assets.xcassets */; };
		D04ABF792200E1B10053DECB /* LaunchScreen.storyboard in Resources */ = {isa = PBXBuildFile; fileRef = D04ABF772200E1B10053DECB /* LaunchScreen.storyboard */; };
		D04ABF812200E29F0053DECB /* PresentViewController.swift in Sources */ = {isa = PBXBuildFile; fileRef = D04ABF802200E29F0053DECB /* PresentViewController.swift */; };
		D04ABF832200E6330053DECB /* ViewControllerB.swift in Sources */ = {isa = PBXBuildFile; fileRef = D04ABF822200E6330053DECB /* ViewControllerB.swift */; };
		D04ABF852200E9340053DECB /* NewViewController.swift in Sources */ = {isa = PBXBuildFile; fileRef = D04ABF842200E9340053DECB /* NewViewController.swift */; };
		D04ABF872200E9470053DECB /* NewViewController.xib in Resources */ = {isa = PBXBuildFile; fileRef = D04ABF862200E9470053DECB /* NewViewController.xib */; };
/* End PBXBuildFile section */

/* Begin PBXFileReference section */
		D04ABF6B2200E1AF0053DECB /* HalfPresent.app */ = {isa = PBXFileReference; explicitFileType = wrapper.application; includeInIndex = 0; path = HalfPresent.app; sourceTree = BUILT_PRODUCTS_DIR; };
		D04ABF6E2200E1AF0053DECB /* AppDelegate.swift */ = {isa = PBXFileReference; lastKnownFileType = sourcecode.swift; path = AppDelegate.swift; sourceTree = "<group>"; };
		D04ABF702200E1AF0053DECB /* ViewController.swift */ = {isa = PBXFileReference; lastKnownFileType = sourcecode.swift; path = ViewController.swift; sourceTree = "<group>"; };
		D04ABF732200E1AF0053DECB /* Base */ = {isa = PBXFileReference; lastKnownFileType = file.storyboard; name = Base; path = Base.lproj/Main.storyboard; sourceTree = "<group>"; };
		D04ABF752200E1B10053DECB /* Assets.xcassets */ = {isa = PBXFileReference; lastKnownFileType = folder.assetcatalog; path = Assets.xcassets; sourceTree = "<group>"; };
		D04ABF782200E1B10053DECB /* Base */ = {isa = PBXFileReference; lastKnownFileType = file.storyboard; name = Base; path = Base.lproj/LaunchScreen.storyboard; sourceTree = "<group>"; };
		D04ABF7A2200E1B10053DECB /* Info.plist */ = {isa = PBXFileReference; lastKnownFileType = text.plist.xml; path = Info.plist; sourceTree = "<group>"; };
		D04ABF802200E29F0053DECB /* PresentViewController.swift */ = {isa = PBXFileReference; lastKnownFileType = sourcecode.swift; path = PresentViewController.swift; sourceTree = "<group>"; };
		D04ABF822200E6330053DECB /* ViewControllerB.swift */ = {isa = PBXFileReference; fileEncoding = 4; lastKnownFileType = sourcecode.swift; path = ViewControllerB.swift; sourceTree = "<group>"; };
		D04ABF842200E9340053DECB /* NewViewController.swift */ = {isa = PBXFileReference; lastKnownFileType = sourcecode.swift; path = NewViewController.swift; sourceTree = "<group>"; };
		D04ABF862200E9470053DECB /* NewViewController.xib */ = {isa = PBXFileReference; lastKnownFileType = file.xib; path = NewViewController.xib; sourceTree = "<group>"; };
/* End PBXFileReference section */

/* Begin PBXFrameworksBuildPhase section */
		D04ABF682200E1AF0053DECB /* Frameworks */ = {
			isa = PBXFrameworksBuildPhase;
			buildActionMask = 2147483647;
			files = (
			);
			runOnlyForDeploymentPostprocessing = 0;
		};
/* End PBXFrameworksBuildPhase section */

/* Begin PBXGroup section */
		D04ABF622200E1AF0053DECB = {
			isa = PBXGroup;
			children = (
				D04ABF6D2200E1AF0053DECB /* HalfPresent */,
				D04ABF6C2200E1AF0053DECB /* Products */,
			);
			sourceTree = "<group>";
		};
		D04ABF6C2200E1AF0053DECB /* Products */ = {
			isa = PBXGroup;
			children = (
				D04ABF6B2200E1AF0053DECB /* HalfPresent.app */,
			);
			name = Products;
			sourceTree = "<group>";
		};
		D04ABF6D2200E1AF0053DECB /* HalfPresent */ = {
			isa = PBXGroup;
			children = (
				D04ABF6E2200E1AF0053DECB /* AppDelegate.swift */,
				D04ABF702200E1AF0053DECB /* ViewController.swift */,
				D04ABF802200E29F0053DECB /* PresentViewController.swift */,
				D04ABF822200E6330053DECB /* ViewControllerB.swift */,
				D04ABF722200E1AF0053DECB /* Main.storyboard */,
				D04ABF752200E1B10053DECB /* Assets.xcassets */,
				D04ABF772200E1B10053DECB /* LaunchScreen.storyboard */,
				D04ABF7A2200E1B10053DECB /* Info.plist */,
				D04ABF842200E9340053DECB /* NewViewController.swift */,
				D04ABF862200E9470053DECB /* NewViewController.xib */,
			);
			path = HalfPresent;
			sourceTree = "<group>";
		};
/* End PBXGroup section */

/* Begin PBXNativeTarget section */
		D04ABF6A2200E1AF0053DECB /* HalfPresent */ = {
			isa = PBXNativeTarget;
			buildConfigurationList = D04ABF7D2200E1B10053DECB /* Build configuration list for PBXNativeTarget "HalfPresent" */;
			buildPhases = (
				D04ABF672200E1AF0053DECB /* Sources */,
				D04ABF682200E1AF0053DECB /* Frameworks */,
				D04ABF692200E1AF0053DECB /* Resources */,
			);
			buildRules = (
			);
			dependencies = (
			);
			name = HalfPresent;
			productName = HalfPresent;
			productReference = D04ABF6B2200E1AF0053DECB /* HalfPresent.app */;
			productType = "com.apple.product-type.application";
		};
/* End PBXNativeTarget section */

/* Begin PBXProject section */
		D04ABF632200E1AF0053DECB /* Project object */ = {
			isa = PBXProject;
			attributes = {
				LastSwiftUpdateCheck = 1010;
				LastUpgradeCheck = 1010;
				ORGANIZATIONNAME = Faraz;
				TargetAttributes = {
					D04ABF6A2200E1AF0053DECB = {
						CreatedOnToolsVersion = 10.1;
					};
				};
			};
			buildConfigurationList = D04ABF662200E1AF0053DECB /* Build configuration list for PBXProject "HalfPresent" */;
			compatibilityVersion = "Xcode 9.3";
			developmentRegion = en;
			hasScannedForEncodings = 0;
			knownRegions = (
				en,
				Base,
			);
			mainGroup = D04ABF622200E1AF0053DECB;
			productRefGroup = D04ABF6C2200E1AF0053DECB /* Products */;
			projectDirPath = "";
			projectRoot = "";
			targets = (
				D04ABF6A2200E1AF0053DECB /* HalfPresent */,
			);
		};
/* End PBXProject section */

/* Begin PBXResourcesBuildPhase section */
		D04ABF692200E1AF0053DECB /* Resources */ = {
			isa = PBXResourcesBuildPhase;
			buildActionMask = 2147483647;
			files = (
				D04ABF792200E1B10053DECB /* LaunchScreen.storyboard in Resources */,
				D04ABF762200E1B10053DECB /* Assets.xcassets in Resources */,
				D04ABF742200E1AF0053DECB /* Main.storyboard in Resources */,
				D04ABF872200E9470053DECB /* NewViewController.xib in Resources */,
			);
			runOnlyForDeploymentPostprocessing = 0;
		};
/* End PBXResourcesBuildPhase section */

/* Begin PBXSourcesBuildPhase section */
		D04ABF672200E1AF0053DECB /* Sources */ = {
			isa = PBXSourcesBuildPhase;
			buildActionMask = 2147483647;
			files = (
				D04ABF712200E1AF0053DECB /* ViewController.swift in Sources */,
				D04ABF832200E6330053DECB /* ViewControllerB.swift in Sources */,
				D04ABF852200E9340053DECB /* NewViewController.swift in Sources */,
				D04ABF6F2200E1AF0053DECB /* AppDelegate.swift in Sources */,
				D04ABF812200E29F0053DECB /* PresentViewController.swift in Sources */,
			);
			runOnlyForDeploymentPostprocessing = 0;
		};
/* End PBXSourcesBuildPhase section */

/* Begin PBXVariantGroup section */
		D04ABF722200E1AF0053DECB /* Main.storyboard */ = {
			isa = PBXVariantGroup;
			children = (
				D04ABF732200E1AF0053DECB /* Base */,
			);
			name = Main.storyboard;
			sourceTree = "<group>";
		};
		D04ABF772200E1B10053DECB /* LaunchScreen.storyboard */ = {
			isa = PBXVariantGroup;
			children = (
				D04ABF782200E1B10053DECB /* Base */,
			);
			name = LaunchScreen.storyboard;
			sourceTree = "<group>";
		};
/* End PBXVariantGroup section */

/* Begin XCBuildConfiguration section */
		D04ABF7B2200E1B10053DECB /* Debug */ = {
			isa = XCBuildConfiguration;
			buildSettings = {
				ALWAYS_SEARCH_USER_PATHS = NO;
				CLANG_ANALYZER_NONNULL = YES;
				CLANG_ANALYZER_NUMBER_OBJECT_CONVERSION = YES_AGGRESSIVE;
				CLANG_CXX_LANGUAGE_STANDARD = "gnu++14";
				CLANG_CXX_LIBRARY = "libc++";
				CLANG_ENABLE_MODULES = YES;
				CLANG_ENABLE_OBJC_ARC = YES;
				CLANG_ENABLE_OBJC_WEAK = YES;
				CLANG_WARN_BLOCK_CAPTURE_AUTORELEASING = YES;
				CLANG_WARN_BOOL_CONVERSION = YES;
				CLANG_WARN_COMMA = YES;
				CLANG_WARN_CONSTANT_CONVERSION = YES;
				CLANG_WARN_DEPRECATED_OBJC_IMPLEMENTATIONS = YES;
				CLANG_WARN_DIRECT_OBJC_ISA_USAGE = YES_ERROR;
				CLANG_WARN_DOCUMENTATION_COMMENTS = YES;
				CLANG_WARN_EMPTY_BODY = YES;
				CLANG_WARN_ENUM_CONVERSION = YES;
				CLANG_WARN_INFINITE_RECURSION = YES;
				CLANG_WARN_INT_CONVERSION = YES;
				CLANG_WARN_NON_LITERAL_NULL_CONVERSION = YES;
				CLANG_WARN_OBJC_IMPLICIT_RETAIN_SELF = YES;
				CLANG_WARN_OBJC_LITERAL_CONVERSION = YES;
				CLANG_WARN_OBJC_ROOT_CLASS = YES_ERROR;
				CLANG_WARN_RANGE_LOOP_ANALYSIS = YES;
				CLANG_WARN_STRICT_PROTOTYPES = YES;
				CLANG_WARN_SUSPICIOUS_MOVE = YES;
				CLANG_WARN_UNGUARDED_AVAILABILITY = YES_AGGRESSIVE;
				CLANG_WARN_UNREACHABLE_CODE = YES;
				CLANG_WARN__DUPLICATE_METHOD_MATCH = YES;
				CODE_SIGN_IDENTITY = "iPhone Developer";
				COPY_PHASE_STRIP = NO;
				DEBUG_INFORMATION_FORMAT = dwarf;
				ENABLE_STRICT_OBJC_MSGSEND = YES;
				ENABLE_TESTABILITY = YES;
				GCC_C_LANGUAGE_STANDARD = gnu11;
				GCC_DYNAMIC_NO_PIC = NO;
				GCC_NO_COMMON_BLOCKS = YES;
				GCC_OPTIMIZATION_LEVEL = 0;
				GCC_PREPROCESSOR_DEFINITIONS = (
					"DEBUG=1",
					"$(inherited)",
				);
				GCC_WARN_64_TO_32_BIT_CONVERSION = YES;
				GCC_WARN_ABOUT_RETURN_TYPE = YES_ERROR;
				GCC_WARN_UNDECLARED_SELECTOR = YES;
				GCC_WARN_UNINITIALIZED_AUTOS = YES_AGGRESSIVE;
				GCC_WARN_UNUSED_FUNCTION = YES;
				GCC_WARN_UNUSED_VARIABLE = YES;
				IPHONEOS_DEPLOYMENT_TARGET = 12.1;
				MTL_ENABLE_DEBUG_INFO = INCLUDE_SOURCE;
				MTL_FAST_MATH = YES;
				ONLY_ACTIVE_ARCH = YES;
				SDKROOT = iphoneos;
				SWIFT_ACTIVE_COMPILATION_CONDITIONS = DEBUG;
				SWIFT_OPTIMIZATION_LEVEL = "-Onone";
			};
			name = Debug;
		};
		D04ABF7C2200E1B10053DECB /* Release */ = {
			isa = XCBuildConfiguration;
			buildSettings = {
				ALWAYS_SEARCH_USER_PATHS = NO;
				CLANG_ANALYZER_NONNULL = YES;
				CLANG_ANALYZER_NUMBER_OBJECT_CONVERSION = YES_AGGRESSIVE;
				CLANG_CXX_LANGUAGE_STANDARD = "gnu++14";
				CLANG_CXX_LIBRARY = "libc++";
				CLANG_ENABLE_MODULES = YES;
				CLANG_ENABLE_OBJC_ARC = YES;
				CLANG_ENABLE_OBJC_WEAK = YES;
				CLANG_WARN_BLOCK_CAPTURE_AUTORELEASING = YES;
				CLANG_WARN_BOOL_CONVERSION = YES;
				CLANG_WARN_COMMA = YES;
				CLANG_WARN_CONSTANT_CONVERSION = YES;
				CLANG_WARN_DEPRECATED_OBJC_IMPLEMENTATIONS = YES;
				CLANG_WARN_DIRECT_OBJC_ISA_USAGE = YES_ERROR;
				CLANG_WARN_DOCUMENTATION_COMMENTS = YES;
				CLANG_WARN_EMPTY_BODY = YES;
				CLANG_WARN_ENUM_CONVERSION = YES;
				CLANG_WARN_INFINITE_RECURSION = YES;
				CLANG_WARN_INT_CONVERSION = YES;
				CLANG_WARN_NON_LITERAL_NULL_CONVERSION = YES;
				CLANG_WARN_OBJC_IMPLICIT_RETAIN_SELF = YES;
				CLANG_WARN_OBJC_LITERAL_CONVERSION = YES;
				CLANG_WARN_OBJC_ROOT_CLASS = YES_ERROR;
				CLANG_WARN_RANGE_LOOP_ANALYSIS = YES;
				CLANG_WARN_STRICT_PROTOTYPES = YES;
				CLANG_WARN_SUSPICIOUS_MOVE = YES;
				CLANG_WARN_UNGUARDED_AVAILABILITY = YES_AGGRESSIVE;
				CLANG_WARN_UNREACHABLE_CODE = YES;
				CLANG_WARN__DUPLICATE_METHOD_MATCH = YES;
				CODE_SIGN_IDENTITY = "iPhone Developer";
				COPY_PHASE_STRIP = NO;
				DEBUG_INFORMATION_FORMAT = "dwarf-with-dsym";
				ENABLE_NS_ASSERTIONS = NO;
				ENABLE_STRICT_OBJC_MSGSEND = YES;
				GCC_C_LANGUAGE_STANDARD = gnu11;
				GCC_NO_COMMON_BLOCKS = YES;
				GCC_WARN_64_TO_32_BIT_CONVERSION = YES;
				GCC_WARN_ABOUT_RETURN_TYPE = YES_ERROR;
				GCC_WARN_UNDECLARED_SELECTOR = YES;
				GCC_WARN_UNINITIALIZED_AUTOS = YES_AGGRESSIVE;
				GCC_WARN_UNUSED_FUNCTION = YES;
				GCC_WARN_UNUSED_VARIABLE = YES;
				IPHONEOS_DEPLOYMENT_TARGET = 12.1;
				MTL_ENABLE_DEBUG_INFO = NO;
				MTL_FAST_MATH = YES;
				SDKROOT = iphoneos;
				SWIFT_COMPILATION_MODE = wholemodule;
				SWIFT_OPTIMIZATION_LEVEL = "-O";
				VALIDATE_PRODUCT = YES;
			};
			name = Release;
		};
		D04ABF7E2200E1B10053DECB /* Debug */ = {
			isa = XCBuildConfiguration;
			buildSettings = {
				ASSETCATALOG_COMPILER_APPICON_NAME = AppIcon;
				CODE_SIGN_STYLE = Automatic;
				DEVELOPMENT_TEAM = 65CHXDU6A7;
				INFOPLIST_FILE = HalfPresent/Info.plist;
				LD_RUNPATH_SEARCH_PATHS = (
					"$(inherited)",
					"@executable_path/Frameworks",
				);
				PRODUCT_BUNDLE_IDENTIFIER = com.BlueTie.HalfPresent;
				PRODUCT_NAME = "$(TARGET_NAME)";
				SWIFT_VERSION = 4.2;
				TARGETED_DEVICE_FAMILY = "1,2";
			};
			name = Debug;
		};
		D04ABF7F2200E1B10053DECB /* Release */ = {
			isa = XCBuildConfiguration;
			buildSettings = {
				ASSETCATALOG_COMPILER_APPICON_NAME = AppIcon;
				CODE_SIGN_STYLE = Automatic;
				DEVELOPMENT_TEAM = 65CHXDU6A7;
				INFOPLIST_FILE = HalfPresent/Info.plist;
				LD_RUNPATH_SEARCH_PATHS = (
					"$(inherited)",
					"@executable_path/Frameworks",
				);
				PRODUCT_BUNDLE_IDENTIFIER = com.BlueTie.HalfPresent;
				PRODUCT_NAME = "$(TARGET_NAME)";
				SWIFT_VERSION = 4.2;
				TARGETED_DEVICE_FAMILY = "1,2";
			};
			name = Release;
		};
/* End XCBuildConfiguration section */

/* Begin XCConfigurationList section */
		D04ABF662200E1AF0053DECB /* Build configuration list for PBXProject "HalfPresent" */ = {
			isa = XCConfigurationList;
			buildConfigurations = (
				D04ABF7B2200E1B10053DECB /* Debug */,
				D04ABF7C2200E1B10053DECB /* Release */,
			);
			defaultConfigurationIsVisible = 0;
			defaultConfigurationName = Release;
		};
		D04ABF7D2200E1B10053DECB /* Build configuration list for PBXNativeTarget "HalfPresent" */ = {
			isa = XCConfigurationList;
			buildConfigurations = (
				D04ABF7E2200E1B10053DECB /* Debug */,
				D04ABF7F2200E1B10053DECB /* Release */,
			);
			defaultConfigurationIsVisible = 0;
			defaultConfigurationName = Release;
		};
/* End XCConfigurationList section */
	};
	rootObject = D04ABF632200E1AF0053DECB /* Project object */;
}
